
Microsoft Visual Studio Solution File, Format Version 12.00
# Visual Studio 15
VisualStudioVersion = 15.0.26403.3
MinimumVisualStudioVersion = 10.0.40219.1
Project("{FAE04EC0-301F-11D3-BF4B-00C04F79EFBC}") = "SqlServer.Core.InformationSchema", "SqlServer.Core.InformationSchema\SqlServer.Core.InformationSchema.csproj", "{29D38598-31BD-4267-AD91-5D0E8DF267C0}"
EndProject
Project("{FAE04EC0-301F-11D3-BF4B-00C04F79EFBC}") = "SqlServer.Core.InformationSchema.Test", "SqlServer.Core.InformationSchema.Test\SqlServer.Core.InformationSchema.Test.csproj", "{093FE69C-FF9C-463F-B961-F76C7590B161}"
EndProject
Global
	GlobalSection(SolutionConfigurationPlatforms) = preSolution
		Debug|Any CPU = Debug|Any CPU
		Release|Any CPU = Release|Any CPU
	EndGlobalSection
	GlobalSection(ProjectConfigurationPlatforms) = postSolution
		{29D38598-31BD-4267-AD91-5D0E8DF267C0}.Debug|Any CPU.ActiveCfg = Debug|Any CPU
		{29D38598-31BD-4267-AD91-5D0E8DF267C0}.Debug|Any CPU.Build.0 = Debug|Any CPU
		{29D38598-31BD-4267-AD91-5D0E8DF267C0}.Release|Any CPU.ActiveCfg = Release|Any CPU
		{29D38598-31BD-4267-AD91-5D0E8DF267C0}.Release|Any CPU.Build.0 = Release|Any CPU
		{093FE69C-FF9C-463F-B961-F76C7590B161}.Debug|Any CPU.ActiveCfg = Debug|Any CPU
		{093FE69C-FF9C-463F-B961-F76C7590B161}.Debug|Any CPU.Build.0 = Debug|Any CPU
		{093FE69C-FF9C-463F-B961-F76C7590B161}.Release|Any CPU.ActiveCfg = Release|Any CPU
		{093FE69C-FF9C-463F-B961-F76C7590B161}.Release|Any CPU.Build.0 = Release|Any CPU
	EndGlobalSection
	GlobalSection(SolutionProperties) = preSolution
		HideSolutionNode = FALSE
	EndGlobalSection
EndGlobal
